
Microsoft Visual Studio Solution File, Format Version 12.00
# Visual Studio Version 17
VisualStudioVersion = 17.4.33110.190
MinimumVisualStudioVersion = 10.0.40219.1
Project("{FAE04EC0-301F-11D3-BF4B-00C04F79EFBC}") = "StarWarsApi.Server", "StarWarsApi\Server\StarWarsApi.Server.csproj", "{23F591AE-9CC1-49ED-8E45-B484332EF44D}"
EndProject
Project("{FAE04EC0-301F-11D3-BF4B-00C04F79EFBC}") = "StarWarsApi.Client", "StarWarsApi\Client\StarWarsApi.Client.csproj", "{BE7F8C01-40C8-4AA1-8A1B-7A2596B2F531}"
EndProject
Project("{FAE04EC0-301F-11D3-BF4B-00C04F79EFBC}") = "StarWarsApi.Shared", "StarWarsApi\Shared\StarWarsApi.Shared.csproj", "{43044DF6-F41D-4054-A34B-A5147B906DA2}"
EndProject
Global
	GlobalSection(SolutionConfigurationPlatforms) = preSolution
		Debug|Any CPU = Debug|Any CPU
		Release|Any CPU = Release|Any CPU
	EndGlobalSection
	GlobalSection(ProjectConfigurationPlatforms) = postSolution
		{23F591AE-9CC1-49ED-8E45-B484332EF44D}.Debug|Any CPU.ActiveCfg = Debug|Any CPU
		{23F591AE-9CC1-49ED-8E45-B484332EF44D}.Debug|Any CPU.Build.0 = Debug|Any CPU
		{23F591AE-9CC1-49ED-8E45-B484332EF44D}.Release|Any CPU.ActiveCfg = Release|Any CPU
		{23F591AE-9CC1-49ED-8E45-B484332EF44D}.Release|Any CPU.Build.0 = Release|Any CPU
		{BE7F8C01-40C8-4AA1-8A1B-7A2596B2F531}.Debug|Any CPU.ActiveCfg = Debug|Any CPU
		{BE7F8C01-40C8-4AA1-8A1B-7A2596B2F531}.Debug|Any CPU.Build.0 = Debug|Any CPU
		{BE7F8C01-40C8-4AA1-8A1B-7A2596B2F531}.Release|Any CPU.ActiveCfg = Release|Any CPU
		{BE7F8C01-40C8-4AA1-8A1B-7A2596B2F531}.Release|Any CPU.Build.0 = Release|Any CPU
		{43044DF6-F41D-4054-A34B-A5147B906DA2}.Debug|Any CPU.ActiveCfg = Debug|Any CPU
		{43044DF6-F41D-4054-A34B-A5147B906DA2}.Debug|Any CPU.Build.0 = Debug|Any CPU
		{43044DF6-F41D-4054-A34B-A5147B906DA2}.Release|Any CPU.ActiveCfg = Release|Any CPU
		{43044DF6-F41D-4054-A34B-A5147B906DA2}.Release|Any CPU.Build.0 = Release|Any CPU
	EndGlobalSection
	GlobalSection(SolutionProperties) = preSolution
		HideSolutionNode = FALSE
	EndGlobalSection
	GlobalSection(ExtensibilityGlobals) = postSolution
		SolutionGuid = {655D40BD-3FC1-483F-9F4C-DBA7E98AD1C5}
	EndGlobalSection
EndGlobal
